
Microsoft Visual Studio Solution File, Format Version 12.00
# Visual Studio Version 17
VisualStudioVersion = 17.8.34601.278
MinimumVisualStudioVersion = 10.0.40219.1
Project("{FAE04EC0-301F-11D3-BF4B-00C04F79EFBC}") = "ArrayList Remove Method", "ArrayList Remove Method.csproj", "{5E933113-CB43-489B-BA1C-1BDB361A3EE3}"
EndProject
Global
	GlobalSection(SolutionConfigurationPlatforms) = preSolution
		Debug|Any CPU = Debug|Any CPU
		Release|Any CPU = Release|Any CPU
	EndGlobalSection
	GlobalSection(ProjectConfigurationPlatforms) = postSolution
		{5E933113-CB43-489B-BA1C-1BDB361A3EE3}.Debug|Any CPU.ActiveCfg = Debug|Any CPU
		{5E933113-CB43-489B-BA1C-1BDB361A3EE3}.Debug|Any CPU.Build.0 = Debug|Any CPU
		{5E933113-CB43-489B-BA1C-1BDB361A3EE3}.Release|Any CPU.ActiveCfg = Release|Any CPU
		{5E933113-CB43-489B-BA1C-1BDB361A3EE3}.Release|Any CPU.Build.0 = Release|Any CPU
	EndGlobalSection
	GlobalSection(SolutionProperties) = preSolution
		HideSolutionNode = FALSE
	EndGlobalSection
	GlobalSection(ExtensibilityGlobals) = postSolution
		SolutionGuid = {77E7549C-41F5-45CB-8BB2-DBC4FB4F51EA}
	EndGlobalSection
EndGlobal
