
Microsoft Visual Studio Solution File, Format Version 12.00
# Visual Studio Version 17
VisualStudioVersion = 17.8.34601.278
MinimumVisualStudioVersion = 10.0.40219.1
Project("{FAE04EC0-301F-11D3-BF4B-00C04F79EFBC}") = "Arraye 1D Length", "Arraye 1D Length.csproj", "{88376D9B-E1B2-4A8E-8A6F-4FC1217B4121}"
EndProject
Global
	GlobalSection(SolutionConfigurationPlatforms) = preSolution
		Debug|Any CPU = Debug|Any CPU
		Release|Any CPU = Release|Any CPU
	EndGlobalSection
	GlobalSection(ProjectConfigurationPlatforms) = postSolution
		{88376D9B-E1B2-4A8E-8A6F-4FC1217B4121}.Debug|Any CPU.ActiveCfg = Debug|Any CPU
		{88376D9B-E1B2-4A8E-8A6F-4FC1217B4121}.Debug|Any CPU.Build.0 = Debug|Any CPU
		{88376D9B-E1B2-4A8E-8A6F-4FC1217B4121}.Release|Any CPU.ActiveCfg = Release|Any CPU
		{88376D9B-E1B2-4A8E-8A6F-4FC1217B4121}.Release|Any CPU.Build.0 = Release|Any CPU
	EndGlobalSection
	GlobalSection(SolutionProperties) = preSolution
		HideSolutionNode = FALSE
	EndGlobalSection
	GlobalSection(ExtensibilityGlobals) = postSolution
		SolutionGuid = {F78E1DF5-28B9-4AD1-BF59-1ED765797B36}
	EndGlobalSection
EndGlobal
