
Microsoft Visual Studio Solution File, Format Version 12.00
# Visual Studio Version 17
VisualStudioVersion = 17.8.34601.278
MinimumVisualStudioVersion = 10.0.40219.1
Project("{FAE04EC0-301F-11D3-BF4B-00C04F79EFBC}") = "Class Random", "Class Random.csproj", "{665B9CD4-FC9A-4BD5-A891-A6F9F454BE15}"
EndProject
Global
	GlobalSection(SolutionConfigurationPlatforms) = preSolution
		Debug|Any CPU = Debug|Any CPU
		Release|Any CPU = Release|Any CPU
	EndGlobalSection
	GlobalSection(ProjectConfigurationPlatforms) = postSolution
		{665B9CD4-FC9A-4BD5-A891-A6F9F454BE15}.Debug|Any CPU.ActiveCfg = Debug|Any CPU
		{665B9CD4-FC9A-4BD5-A891-A6F9F454BE15}.Debug|Any CPU.Build.0 = Debug|Any CPU
		{665B9CD4-FC9A-4BD5-A891-A6F9F454BE15}.Release|Any CPU.ActiveCfg = Release|Any CPU
		{665B9CD4-FC9A-4BD5-A891-A6F9F454BE15}.Release|Any CPU.Build.0 = Release|Any CPU
	EndGlobalSection
	GlobalSection(SolutionProperties) = preSolution
		HideSolutionNode = FALSE
	EndGlobalSection
	GlobalSection(ExtensibilityGlobals) = postSolution
		SolutionGuid = {7CF592BF-FCE0-472F-B270-5814F186C143}
	EndGlobalSection
EndGlobal
