
Microsoft Visual Studio Solution File, Format Version 12.00
# Visual Studio Version 17
VisualStudioVersion = 17.8.34601.278
MinimumVisualStudioVersion = 10.0.40219.1
Project("{FAE04EC0-301F-11D3-BF4B-00C04F79EFBC}") = "Tamrini Simple", "Tamrini Simple.csproj", "{CC65BEE1-86E0-43D0-ADC9-1A31A86067A5}"
EndProject
Global
	GlobalSection(SolutionConfigurationPlatforms) = preSolution
		Debug|Any CPU = Debug|Any CPU
		Release|Any CPU = Release|Any CPU
	EndGlobalSection
	GlobalSection(ProjectConfigurationPlatforms) = postSolution
		{CC65BEE1-86E0-43D0-ADC9-1A31A86067A5}.Debug|Any CPU.ActiveCfg = Debug|Any CPU
		{CC65BEE1-86E0-43D0-ADC9-1A31A86067A5}.Debug|Any CPU.Build.0 = Debug|Any CPU
		{CC65BEE1-86E0-43D0-ADC9-1A31A86067A5}.Release|Any CPU.ActiveCfg = Release|Any CPU
		{CC65BEE1-86E0-43D0-ADC9-1A31A86067A5}.Release|Any CPU.Build.0 = Release|Any CPU
	EndGlobalSection
	GlobalSection(SolutionProperties) = preSolution
		HideSolutionNode = FALSE
	EndGlobalSection
	GlobalSection(ExtensibilityGlobals) = postSolution
		SolutionGuid = {AC49C7C0-1395-4005-9578-BC7D680821C9}
	EndGlobalSection
EndGlobal
