
Microsoft Visual Studio Solution File, Format Version 12.00
# Visual Studio Version 17
VisualStudioVersion = 17.8.34601.278
MinimumVisualStudioVersion = 10.0.40219.1
Project("{FAE04EC0-301F-11D3-BF4B-00C04F79EFBC}") = "shey gharaii", "shey gharaii.csproj", "{5BE1C334-9C0D-4262-B5C5-2813DA222881}"
EndProject
Global
	GlobalSection(SolutionConfigurationPlatforms) = preSolution
		Debug|Any CPU = Debug|Any CPU
		Release|Any CPU = Release|Any CPU
	EndGlobalSection
	GlobalSection(ProjectConfigurationPlatforms) = postSolution
		{5BE1C334-9C0D-4262-B5C5-2813DA222881}.Debug|Any CPU.ActiveCfg = Debug|Any CPU
		{5BE1C334-9C0D-4262-B5C5-2813DA222881}.Debug|Any CPU.Build.0 = Debug|Any CPU
		{5BE1C334-9C0D-4262-B5C5-2813DA222881}.Release|Any CPU.ActiveCfg = Release|Any CPU
		{5BE1C334-9C0D-4262-B5C5-2813DA222881}.Release|Any CPU.Build.0 = Release|Any CPU
	EndGlobalSection
	GlobalSection(SolutionProperties) = preSolution
		HideSolutionNode = FALSE
	EndGlobalSection
	GlobalSection(ExtensibilityGlobals) = postSolution
		SolutionGuid = {4BC27904-FC99-49FB-9A5F-0B13EFA5A44D}
	EndGlobalSection
EndGlobal
