
Microsoft Visual Studio Solution File, Format Version 12.00
# Visual Studio Version 17
VisualStudioVersion = 17.8.34601.278
MinimumVisualStudioVersion = 10.0.40219.1
Project("{FAE04EC0-301F-11D3-BF4B-00C04F79EFBC}") = "Persian Calender", "Persian Calender.csproj", "{065CE867-B513-4E0F-AB78-70B6E75D30C0}"
EndProject
Global
	GlobalSection(SolutionConfigurationPlatforms) = preSolution
		Debug|Any CPU = Debug|Any CPU
		Release|Any CPU = Release|Any CPU
	EndGlobalSection
	GlobalSection(ProjectConfigurationPlatforms) = postSolution
		{065CE867-B513-4E0F-AB78-70B6E75D30C0}.Debug|Any CPU.ActiveCfg = Debug|Any CPU
		{065CE867-B513-4E0F-AB78-70B6E75D30C0}.Debug|Any CPU.Build.0 = Debug|Any CPU
		{065CE867-B513-4E0F-AB78-70B6E75D30C0}.Release|Any CPU.ActiveCfg = Release|Any CPU
		{065CE867-B513-4E0F-AB78-70B6E75D30C0}.Release|Any CPU.Build.0 = Release|Any CPU
	EndGlobalSection
	GlobalSection(SolutionProperties) = preSolution
		HideSolutionNode = FALSE
	EndGlobalSection
	GlobalSection(ExtensibilityGlobals) = postSolution
		SolutionGuid = {9B7769BE-F558-4EEE-BD7E-D6962E4FC1B2}
	EndGlobalSection
EndGlobal
