
Microsoft Visual Studio Solution File, Format Version 12.00
# Visual Studio Version 17
VisualStudioVersion = 17.8.34601.278
MinimumVisualStudioVersion = 10.0.40219.1
Project("{FAE04EC0-301F-11D3-BF4B-00C04F79EFBC}") = "Property2", "Property2.csproj", "{6E2A6C01-5B51-4485-AD07-525231A62B34}"
EndProject
Global
	GlobalSection(SolutionConfigurationPlatforms) = preSolution
		Debug|Any CPU = Debug|Any CPU
		Release|Any CPU = Release|Any CPU
	EndGlobalSection
	GlobalSection(ProjectConfigurationPlatforms) = postSolution
		{6E2A6C01-5B51-4485-AD07-525231A62B34}.Debug|Any CPU.ActiveCfg = Debug|Any CPU
		{6E2A6C01-5B51-4485-AD07-525231A62B34}.Debug|Any CPU.Build.0 = Debug|Any CPU
		{6E2A6C01-5B51-4485-AD07-525231A62B34}.Release|Any CPU.ActiveCfg = Release|Any CPU
		{6E2A6C01-5B51-4485-AD07-525231A62B34}.Release|Any CPU.Build.0 = Release|Any CPU
	EndGlobalSection
	GlobalSection(SolutionProperties) = preSolution
		HideSolutionNode = FALSE
	EndGlobalSection
	GlobalSection(ExtensibilityGlobals) = postSolution
		SolutionGuid = {64F78792-28F2-43CA-BE2D-758DE8486A81}
	EndGlobalSection
EndGlobal
