
Microsoft Visual Studio Solution File, Format Version 12.00
# Visual Studio Version 17
VisualStudioVersion = 17.8.34601.278
MinimumVisualStudioVersion = 10.0.40219.1
Project("{FAE04EC0-301F-11D3-BF4B-00C04F79EFBC}") = "Some Method With Array", "Some Method With Array.csproj", "{0DE24770-2C65-48BC-A507-87CA54712726}"
EndProject
Global
	GlobalSection(SolutionConfigurationPlatforms) = preSolution
		Debug|Any CPU = Debug|Any CPU
		Release|Any CPU = Release|Any CPU
	EndGlobalSection
	GlobalSection(ProjectConfigurationPlatforms) = postSolution
		{0DE24770-2C65-48BC-A507-87CA54712726}.Debug|Any CPU.ActiveCfg = Debug|Any CPU
		{0DE24770-2C65-48BC-A507-87CA54712726}.Debug|Any CPU.Build.0 = Debug|Any CPU
		{0DE24770-2C65-48BC-A507-87CA54712726}.Release|Any CPU.ActiveCfg = Release|Any CPU
		{0DE24770-2C65-48BC-A507-87CA54712726}.Release|Any CPU.Build.0 = Release|Any CPU
	EndGlobalSection
	GlobalSection(SolutionProperties) = preSolution
		HideSolutionNode = FALSE
	EndGlobalSection
	GlobalSection(ExtensibilityGlobals) = postSolution
		SolutionGuid = {1D8C7775-B95C-4854-80DD-C938D6F0C6D5}
	EndGlobalSection
EndGlobal
