
Microsoft Visual Studio Solution File, Format Version 12.00
# Visual Studio Version 17
VisualStudioVersion = 17.8.34601.278
MinimumVisualStudioVersion = 10.0.40219.1
Project("{FAE04EC0-301F-11D3-BF4B-00C04F79EFBC}") = "ErsBary", "ErsBary.csproj", "{550D3776-3B4B-467D-95A3-D3ABE3780BBD}"
EndProject
Global
	GlobalSection(SolutionConfigurationPlatforms) = preSolution
		Debug|Any CPU = Debug|Any CPU
		Release|Any CPU = Release|Any CPU
	EndGlobalSection
	GlobalSection(ProjectConfigurationPlatforms) = postSolution
		{550D3776-3B4B-467D-95A3-D3ABE3780BBD}.Debug|Any CPU.ActiveCfg = Debug|Any CPU
		{550D3776-3B4B-467D-95A3-D3ABE3780BBD}.Debug|Any CPU.Build.0 = Debug|Any CPU
		{550D3776-3B4B-467D-95A3-D3ABE3780BBD}.Release|Any CPU.ActiveCfg = Release|Any CPU
		{550D3776-3B4B-467D-95A3-D3ABE3780BBD}.Release|Any CPU.Build.0 = Release|Any CPU
	EndGlobalSection
	GlobalSection(SolutionProperties) = preSolution
		HideSolutionNode = FALSE
	EndGlobalSection
	GlobalSection(ExtensibilityGlobals) = postSolution
		SolutionGuid = {4099249D-85FA-43C2-9E72-489FA17F659C}
	EndGlobalSection
EndGlobal
