
Microsoft Visual Studio Solution File, Format Version 12.00
# Visual Studio Version 17
VisualStudioVersion = 17.8.34601.278
MinimumVisualStudioVersion = 10.0.40219.1
Project("{FAE04EC0-301F-11D3-BF4B-00C04F79EFBC}") = "Simple Dictionary", "Simple Dictionary.csproj", "{0EFA35D5-25B8-4D97-A0AF-1FB6409E5B48}"
EndProject
Global
	GlobalSection(SolutionConfigurationPlatforms) = preSolution
		Debug|Any CPU = Debug|Any CPU
		Release|Any CPU = Release|Any CPU
	EndGlobalSection
	GlobalSection(ProjectConfigurationPlatforms) = postSolution
		{0EFA35D5-25B8-4D97-A0AF-1FB6409E5B48}.Debug|Any CPU.ActiveCfg = Debug|Any CPU
		{0EFA35D5-25B8-4D97-A0AF-1FB6409E5B48}.Debug|Any CPU.Build.0 = Debug|Any CPU
		{0EFA35D5-25B8-4D97-A0AF-1FB6409E5B48}.Release|Any CPU.ActiveCfg = Release|Any CPU
		{0EFA35D5-25B8-4D97-A0AF-1FB6409E5B48}.Release|Any CPU.Build.0 = Release|Any CPU
	EndGlobalSection
	GlobalSection(SolutionProperties) = preSolution
		HideSolutionNode = FALSE
	EndGlobalSection
	GlobalSection(ExtensibilityGlobals) = postSolution
		SolutionGuid = {7D36CFFB-2777-4653-AC93-B5871243E451}
	EndGlobalSection
EndGlobal
