
Microsoft Visual Studio Solution File, Format Version 12.00
# Visual Studio Version 17
VisualStudioVersion = 17.8.34601.278
MinimumVisualStudioVersion = 10.0.40219.1
Project("{FAE04EC0-301F-11D3-BF4B-00C04F79EFBC}") = "Founction XML", "Founction XML.csproj", "{065EBC50-8D90-4E13-9F92-90CB12207C24}"
EndProject
Global
	GlobalSection(SolutionConfigurationPlatforms) = preSolution
		Debug|Any CPU = Debug|Any CPU
		Release|Any CPU = Release|Any CPU
	EndGlobalSection
	GlobalSection(ProjectConfigurationPlatforms) = postSolution
		{065EBC50-8D90-4E13-9F92-90CB12207C24}.Debug|Any CPU.ActiveCfg = Debug|Any CPU
		{065EBC50-8D90-4E13-9F92-90CB12207C24}.Debug|Any CPU.Build.0 = Debug|Any CPU
		{065EBC50-8D90-4E13-9F92-90CB12207C24}.Release|Any CPU.ActiveCfg = Release|Any CPU
		{065EBC50-8D90-4E13-9F92-90CB12207C24}.Release|Any CPU.Build.0 = Release|Any CPU
	EndGlobalSection
	GlobalSection(SolutionProperties) = preSolution
		HideSolutionNode = FALSE
	EndGlobalSection
	GlobalSection(ExtensibilityGlobals) = postSolution
		SolutionGuid = {89D40A4A-CDCD-4391-BA62-676E3BF88BCD}
	EndGlobalSection
EndGlobal
